// !$*UTF8*$!
{
	archiveVersion = 1;
	classes = {
	};
	objectVersion = 50;
	objects = {

/* Begin PBXBuildFile section */
		6533DB6723FE9EAC00FE66F3 /* Project11.swift in Sources */ = {isa = PBXBuildFile; fileRef = 6533DB6623FE9EAC00FE66F3 /* Project11.swift */; };
		6533DB6923FE9F0800FE66F3 /* AddBookView.swift in Sources */ = {isa = PBXBuildFile; fileRef = 6533DB6823FE9F0800FE66F3 /* AddBookView.swift */; };
		6533DB6B23FEA7C700FE66F3 /* RatingView.swift in Sources */ = {isa = PBXBuildFile; fileRef = 6533DB6A23FEA7C700FE66F3 /* RatingView.swift */; };
		6533DB6D23FEAAA900FE66F3 /* EmojiView.swift in Sources */ = {isa = PBXBuildFile; fileRef = 6533DB6C23FEAAA900FE66F3 /* EmojiView.swift */; };
		6533DB6F23FEAF0900FE66F3 /* DetailBookView.swift in Sources */ = {isa = PBXBuildFile; fileRef = 6533DB6E23FEAF0900FE66F3 /* DetailBookView.swift */; };
		6533DB7223FED7BC00FE66F3 /* Project12.swift in Sources */ = {isa = PBXBuildFile; fileRef = 6533DB7123FED7BC00FE66F3 /* Project12.swift */; };
		6533DB7523FED8B800FE66F3 /* Singer+CoreDataClass.swift in Sources */ = {isa = PBXBuildFile; fileRef = 6533DB7323FED8B800FE66F3 /* Singer+CoreDataClass.swift */; };
		6533DB7623FED8B800FE66F3 /* Singer+CoreDataProperties.swift in Sources */ = {isa = PBXBuildFile; fileRef = 6533DB7423FED8B800FE66F3 /* Singer+CoreDataProperties.swift */; };
		6533DB7823FEDA7A00FE66F3 /* FilteredListView.swift in Sources */ = {isa = PBXBuildFile; fileRef = 6533DB7723FEDA7A00FE66F3 /* FilteredListView.swift */; };
		65A7186523FE827200D80933 /* AppDelegate.swift in Sources */ = {isa = PBXBuildFile; fileRef = 65A7186423FE827200D80933 /* AppDelegate.swift */; };
		65A7186723FE827200D80933 /* SceneDelegate.swift in Sources */ = {isa = PBXBuildFile; fileRef = 65A7186623FE827200D80933 /* SceneDelegate.swift */; };
		65A7186A23FE827200D80933 /* Bookworm.xcdatamodeld in Sources */ = {isa = PBXBuildFile; fileRef = 65A7186823FE827200D80933 /* Bookworm.xcdatamodeld */; };
		65A7186C23FE827200D80933 /* ContentView.swift in Sources */ = {isa = PBXBuildFile; fileRef = 65A7186B23FE827200D80933 /* ContentView.swift */; };
		65A7186E23FE827300D80933 /* Assets.xcassets in Resources */ = {isa = PBXBuildFile; fileRef = 65A7186D23FE827300D80933 /* Assets.xcassets */; };
		65A7187123FE827300D80933 /* Preview Assets.xcassets in Resources */ = {isa = PBXBuildFile; fileRef = 65A7187023FE827300D80933 /* Preview Assets.xcassets */; };
		65A7187423FE827300D80933 /* LaunchScreen.storyboard in Resources */ = {isa = PBXBuildFile; fileRef = 65A7187223FE827300D80933 /* LaunchScreen.storyboard */; };
/* End PBXBuildFile section */

/* Begin PBXFileReference section */
		6533DB6623FE9EAC00FE66F3 /* Project11.swift */ = {isa = PBXFileReference; lastKnownFileType = sourcecode.swift; path = Project11.swift; sourceTree = "<group>"; };
		6533DB6823FE9F0800FE66F3 /* AddBookView.swift */ = {isa = PBXFileReference; lastKnownFileType = sourcecode.swift; path = AddBookView.swift; sourceTree = "<group>"; };
		6533DB6A23FEA7C700FE66F3 /* RatingView.swift */ = {isa = PBXFileReference; lastKnownFileType = sourcecode.swift; path = RatingView.swift; sourceTree = "<group>"; };
		6533DB6C23FEAAA900FE66F3 /* EmojiView.swift */ = {isa = PBXFileReference; lastKnownFileType = sourcecode.swift; path = EmojiView.swift; sourceTree = "<group>"; };
		6533DB6E23FEAF0900FE66F3 /* DetailBookView.swift */ = {isa = PBXFileReference; lastKnownFileType = sourcecode.swift; path = DetailBookView.swift; sourceTree = "<group>"; };
		6533DB7123FED7BC00FE66F3 /* Project12.swift */ = {isa = PBXFileReference; lastKnownFileType = sourcecode.swift; path = Project12.swift; sourceTree = "<group>"; };
		6533DB7323FED8B800FE66F3 /* Singer+CoreDataClass.swift */ = {isa = PBXFileReference; lastKnownFileType = sourcecode.swift; path = "Singer+CoreDataClass.swift"; sourceTree = "<group>"; };
		6533DB7423FED8B800FE66F3 /* Singer+CoreDataProperties.swift */ = {isa = PBXFileReference; lastKnownFileType = sourcecode.swift; path = "Singer+CoreDataProperties.swift"; sourceTree = "<group>"; };
		6533DB7723FEDA7A00FE66F3 /* FilteredListView.swift */ = {isa = PBXFileReference; lastKnownFileType = sourcecode.swift; path = FilteredListView.swift; sourceTree = "<group>"; };
		65A7186123FE827200D80933 /* Bookworm.app */ = {isa = PBXFileReference; explicitFileType = wrapper.application; includeInIndex = 0; path = Bookworm.app; sourceTree = BUILT_PRODUCTS_DIR; };
		65A7186423FE827200D80933 /* AppDelegate.swift */ = {isa = PBXFileReference; lastKnownFileType = sourcecode.swift; path = AppDelegate.swift; sourceTree = "<group>"; };
		65A7186623FE827200D80933 /* SceneDelegate.swift */ = {isa = PBXFileReference; lastKnownFileType = sourcecode.swift; path = SceneDelegate.swift; sourceTree = "<group>"; };
		65A7186923FE827200D80933 /* Bookworm.xcdatamodel */ = {isa = PBXFileReference; lastKnownFileType = wrapper.xcdatamodel; path = Bookworm.xcdatamodel; sourceTree = "<group>"; };
		65A7186B23FE827200D80933 /* ContentView.swift */ = {isa = PBXFileReference; lastKnownFileType = sourcecode.swift; path = ContentView.swift; sourceTree = "<group>"; };
		65A7186D23FE827300D80933 /* Assets.xcassets */ = {isa = PBXFileReference; lastKnownFileType = folder.assetcatalog; path = Assets.xcassets; sourceTree = "<group>"; };
		65A7187023FE827300D80933 /* Preview Assets.xcassets */ = {isa = PBXFileReference; lastKnownFileType = folder.assetcatalog; path = "Preview Assets.xcassets"; sourceTree = "<group>"; };
		65A7187323FE827300D80933 /* Base */ = {isa = PBXFileReference; lastKnownFileType = file.storyboard; name = Base; path = Base.lproj/LaunchScreen.storyboard; sourceTree = "<group>"; };
		65A7187523FE827300D80933 /* Info.plist */ = {isa = PBXFileReference; lastKnownFileType = text.plist.xml; path = Info.plist; sourceTree = "<group>"; };
/* End PBXFileReference section */

/* Begin PBXFrameworksBuildPhase section */
		65A7185E23FE827200D80933 /* Frameworks */ = {
			isa = PBXFrameworksBuildPhase;
			buildActionMask = 2147483647;
			files = (
			);
			runOnlyForDeploymentPostprocessing = 0;
		};
/* End PBXFrameworksBuildPhase section */

/* Begin PBXGroup section */
		6533DB6523FE9E9900FE66F3 /* Project11 */ = {
			isa = PBXGroup;
			children = (
				6533DB6623FE9EAC00FE66F3 /* Project11.swift */,
				6533DB6823FE9F0800FE66F3 /* AddBookView.swift */,
				6533DB6E23FEAF0900FE66F3 /* DetailBookView.swift */,
				6533DB6A23FEA7C700FE66F3 /* RatingView.swift */,
				6533DB6C23FEAAA900FE66F3 /* EmojiView.swift */,
			);
			path = Project11;
			sourceTree = "<group>";
		};
		6533DB7023FED7A400FE66F3 /* Project12 */ = {
			isa = PBXGroup;
			children = (
				6533DB7323FED8B800FE66F3 /* Singer+CoreDataClass.swift */,
				6533DB7423FED8B800FE66F3 /* Singer+CoreDataProperties.swift */,
				6533DB7123FED7BC00FE66F3 /* Project12.swift */,
				6533DB7723FEDA7A00FE66F3 /* FilteredListView.swift */,
			);
			path = Project12;
			sourceTree = "<group>";
		};
		65A7185823FE827200D80933 = {
			isa = PBXGroup;
			children = (
				65A7186323FE827200D80933 /* Bookworm */,
				65A7186223FE827200D80933 /* Products */,
			);
			sourceTree = "<group>";
		};
		65A7186223FE827200D80933 /* Products */ = {
			isa = PBXGroup;
			children = (
				65A7186123FE827200D80933 /* Bookworm.app */,
			);
			name = Products;
			sourceTree = "<group>";
		};
		65A7186323FE827200D80933 /* Bookworm */ = {
			isa = PBXGroup;
			children = (
				6533DB7023FED7A400FE66F3 /* Project12 */,
				6533DB6523FE9E9900FE66F3 /* Project11 */,
				65A7186423FE827200D80933 /* AppDelegate.swift */,
				65A7186623FE827200D80933 /* SceneDelegate.swift */,
				65A7186B23FE827200D80933 /* ContentView.swift */,
				65A7186D23FE827300D80933 /* Assets.xcassets */,
				65A7187223FE827300D80933 /* LaunchScreen.storyboard */,
				65A7187523FE827300D80933 /* Info.plist */,
				65A7186823FE827200D80933 /* Bookworm.xcdatamodeld */,
				65A7186F23FE827300D80933 /* Preview Content */,
			);
			path = Bookworm;
			sourceTree = "<group>";
		};
		65A7186F23FE827300D80933 /* Preview Content */ = {
			isa = PBXGroup;
			children = (
				65A7187023FE827300D80933 /* Preview Assets.xcassets */,
			);
			path = "Preview Content";
			sourceTree = "<group>";
		};
/* End PBXGroup section */

/* Begin PBXNativeTarget section */
		65A7186023FE827200D80933 /* Bookworm */ = {
			isa = PBXNativeTarget;
			buildConfigurationList = 65A7187823FE827300D80933 /* Build configuration list for PBXNativeTarget "Bookworm" */;
			buildPhases = (
				65A7185D23FE827200D80933 /* Sources */,
				65A7185E23FE827200D80933 /* Frameworks */,
				65A7185F23FE827200D80933 /* Resources */,
			);
			buildRules = (
			);
			dependencies = (
			);
			name = Bookworm;
			productName = Bookworm;
			productReference = 65A7186123FE827200D80933 /* Bookworm.app */;
			productType = "com.apple.product-type.application";
		};
/* End PBXNativeTarget section */

/* Begin PBXProject section */
		65A7185923FE827200D80933 /* Project object */ = {
			isa = PBXProject;
			attributes = {
				LastSwiftUpdateCheck = 1130;
				LastUpgradeCheck = 1130;
				ORGANIZATIONNAME = "Alejandro Vicente Milán";
				TargetAttributes = {
					65A7186023FE827200D80933 = {
						CreatedOnToolsVersion = 11.3;
					};
				};
			};
			buildConfigurationList = 65A7185C23FE827200D80933 /* Build configuration list for PBXProject "Bookworm" */;
			compatibilityVersion = "Xcode 9.3";
			developmentRegion = en;
			hasScannedForEncodings = 0;
			knownRegions = (
				en,
				Base,
			);
			mainGroup = 65A7185823FE827200D80933;
			productRefGroup = 65A7186223FE827200D80933 /* Products */;
			projectDirPath = "";
			projectRoot = "";
			targets = (
				65A7186023FE827200D80933 /* Bookworm */,
			);
		};
/* End PBXProject section */

/* Begin PBXResourcesBuildPhase section */
		65A7185F23FE827200D80933 /* Resources */ = {
			isa = PBXResourcesBuildPhase;
			buildActionMask = 2147483647;
			files = (
				65A7187423FE827300D80933 /* LaunchScreen.storyboard in Resources */,
				65A7187123FE827300D80933 /* Preview Assets.xcassets in Resources */,
				65A7186E23FE827300D80933 /* Assets.xcassets in Resources */,
			);
			runOnlyForDeploymentPostprocessing = 0;
		};
/* End PBXResourcesBuildPhase section */

/* Begin PBXSourcesBuildPhase section */
		65A7185D23FE827200D80933 /* Sources */ = {
			isa = PBXSourcesBuildPhase;
			buildActionMask = 2147483647;
			files = (
				6533DB7223FED7BC00FE66F3 /* Project12.swift in Sources */,
				6533DB7623FED8B800FE66F3 /* Singer+CoreDataProperties.swift in Sources */,
				6533DB6723FE9EAC00FE66F3 /* Project11.swift in Sources */,
				6533DB7523FED8B800FE66F3 /* Singer+CoreDataClass.swift in Sources */,
				6533DB6D23FEAAA900FE66F3 /* EmojiView.swift in Sources */,
				6533DB6923FE9F0800FE66F3 /* AddBookView.swift in Sources */,
				65A7186523FE827200D80933 /* AppDelegate.swift in Sources */,
				65A7186A23FE827200D80933 /* Bookworm.xcdatamodeld in Sources */,
				6533DB7823FEDA7A00FE66F3 /* FilteredListView.swift in Sources */,
				6533DB6F23FEAF0900FE66F3 /* DetailBookView.swift in Sources */,
				65A7186C23FE827200D80933 /* ContentView.swift in Sources */,
				65A7186723FE827200D80933 /* SceneDelegate.swift in Sources */,
				6533DB6B23FEA7C700FE66F3 /* RatingView.swift in Sources */,
			);
			runOnlyForDeploymentPostprocessing = 0;
		};
/* End PBXSourcesBuildPhase section */

/* Begin PBXVariantGroup section */
		65A7187223FE827300D80933 /* LaunchScreen.storyboard */ = {
			isa = PBXVariantGroup;
			children = (
				65A7187323FE827300D80933 /* Base */,
			);
			name = LaunchScreen.storyboard;
			sourceTree = "<group>";
		};
/* End PBXVariantGroup section */

/* Begin XCBuildConfiguration section */
		65A7187623FE827300D80933 /* Debug */ = {
			isa = XCBuildConfiguration;
			buildSettings = {
				ALWAYS_SEARCH_USER_PATHS = NO;
				CLANG_ANALYZER_NONNULL = YES;
				CLANG_ANALYZER_NUMBER_OBJECT_CONVERSION = YES_AGGRESSIVE;
				CLANG_CXX_LANGUAGE_STANDARD = "gnu++14";
				CLANG_CXX_LIBRARY = "libc++";
				CLANG_ENABLE_MODULES = YES;
				CLANG_ENABLE_OBJC_ARC = YES;
				CLANG_ENABLE_OBJC_WEAK = YES;
				CLANG_WARN_BLOCK_CAPTURE_AUTORELEASING = YES;
				CLANG_WARN_BOOL_CONVERSION = YES;
				CLANG_WARN_COMMA = YES;
				CLANG_WARN_CONSTANT_CONVERSION = YES;
				CLANG_WARN_DEPRECATED_OBJC_IMPLEMENTATIONS = YES;
				CLANG_WARN_DIRECT_OBJC_ISA_USAGE = YES_ERROR;
				CLANG_WARN_DOCUMENTATION_COMMENTS = YES;
				CLANG_WARN_EMPTY_BODY = YES;
				CLANG_WARN_ENUM_CONVERSION = YES;
				CLANG_WARN_INFINITE_RECURSION = YES;
				CLANG_WARN_INT_CONVERSION = YES;
				CLANG_WARN_NON_LITERAL_NULL_CONVERSION = YES;
				CLANG_WARN_OBJC_IMPLICIT_RETAIN_SELF = YES;
				CLANG_WARN_OBJC_LITERAL_CONVERSION = YES;
				CLANG_WARN_OBJC_ROOT_CLASS = YES_ERROR;
				CLANG_WARN_RANGE_LOOP_ANALYSIS = YES;
				CLANG_WARN_STRICT_PROTOTYPES = YES;
				CLANG_WARN_SUSPICIOUS_MOVE = YES;
				CLANG_WARN_UNGUARDED_AVAILABILITY = YES_AGGRESSIVE;
				CLANG_WARN_UNREACHABLE_CODE = YES;
				CLANG_WARN__DUPLICATE_METHOD_MATCH = YES;
				COPY_PHASE_STRIP = NO;
				DEBUG_INFORMATION_FORMAT = dwarf;
				ENABLE_STRICT_OBJC_MSGSEND = YES;
				ENABLE_TESTABILITY = YES;
				GCC_C_LANGUAGE_STANDARD = gnu11;
				GCC_DYNAMIC_NO_PIC = NO;
				GCC_NO_COMMON_BLOCKS = YES;
				GCC_OPTIMIZATION_LEVEL = 0;
				GCC_PREPROCESSOR_DEFINITIONS = (
					"DEBUG=1",
					"$(inherited)",
				);
				GCC_WARN_64_TO_32_BIT_CONVERSION = YES;
				GCC_WARN_ABOUT_RETURN_TYPE = YES_ERROR;
				GCC_WARN_UNDECLARED_SELECTOR = YES;
				GCC_WARN_UNINITIALIZED_AUTOS = YES_AGGRESSIVE;
				GCC_WARN_UNUSED_FUNCTION = YES;
				GCC_WARN_UNUSED_VARIABLE = YES;
				IPHONEOS_DEPLOYMENT_TARGET = 13.2;
				MTL_ENABLE_DEBUG_INFO = INCLUDE_SOURCE;
				MTL_FAST_MATH = YES;
				ONLY_ACTIVE_ARCH = YES;
				SDKROOT = iphoneos;
				SWIFT_ACTIVE_COMPILATION_CONDITIONS = DEBUG;
				SWIFT_OPTIMIZATION_LEVEL = "-Onone";
			};
			name = Debug;
		};
		65A7187723FE827300D80933 /* Release */ = {
			isa = XCBuildConfiguration;
			buildSettings = {
				ALWAYS_SEARCH_USER_PATHS = NO;
				CLANG_ANALYZER_NONNULL = YES;
				CLANG_ANALYZER_NUMBER_OBJECT_CONVERSION = YES_AGGRESSIVE;
				CLANG_CXX_LANGUAGE_STANDARD = "gnu++14";
				CLANG_CXX_LIBRARY = "libc++";
				CLANG_ENABLE_MODULES = YES;
				CLANG_ENABLE_OBJC_ARC = YES;
				CLANG_ENABLE_OBJC_WEAK = YES;
				CLANG_WARN_BLOCK_CAPTURE_AUTORELEASING = YES;
				CLANG_WARN_BOOL_CONVERSION = YES;
				CLANG_WARN_COMMA = YES;
				CLANG_WARN_CONSTANT_CONVERSION = YES;
				CLANG_WARN_DEPRECATED_OBJC_IMPLEMENTATIONS = YES;
				CLANG_WARN_DIRECT_OBJC_ISA_USAGE = YES_ERROR;
				CLANG_WARN_DOCUMENTATION_COMMENTS = YES;
				CLANG_WARN_EMPTY_BODY = YES;
				CLANG_WARN_ENUM_CONVERSION = YES;
				CLANG_WARN_INFINITE_RECURSION = YES;
				CLANG_WARN_INT_CONVERSION = YES;
				CLANG_WARN_NON_LITERAL_NULL_CONVERSION = YES;
				CLANG_WARN_OBJC_IMPLICIT_RETAIN_SELF = YES;
				CLANG_WARN_OBJC_LITERAL_CONVERSION = YES;
				CLANG_WARN_OBJC_ROOT_CLASS = YES_ERROR;
				CLANG_WARN_RANGE_LOOP_ANALYSIS = YES;
				CLANG_WARN_STRICT_PROTOTYPES = YES;
				CLANG_WARN_SUSPICIOUS_MOVE = YES;
				CLANG_WARN_UNGUARDED_AVAILABILITY = YES_AGGRESSIVE;
				CLANG_WARN_UNREACHABLE_CODE = YES;
				CLANG_WARN__DUPLICATE_METHOD_MATCH = YES;
				COPY_PHASE_STRIP = NO;
				DEBUG_INFORMATION_FORMAT = "dwarf-with-dsym";
				ENABLE_NS_ASSERTIONS = NO;
				ENABLE_STRICT_OBJC_MSGSEND = YES;
				GCC_C_LANGUAGE_STANDARD = gnu11;
				GCC_NO_COMMON_BLOCKS = YES;
				GCC_WARN_64_TO_32_BIT_CONVERSION = YES;
				GCC_WARN_ABOUT_RETURN_TYPE = YES_ERROR;
				GCC_WARN_UNDECLARED_SELECTOR = YES;
				GCC_WARN_UNINITIALIZED_AUTOS = YES_AGGRESSIVE;
				GCC_WARN_UNUSED_FUNCTION = YES;
				GCC_WARN_UNUSED_VARIABLE = YES;
				IPHONEOS_DEPLOYMENT_TARGET = 13.2;
				MTL_ENABLE_DEBUG_INFO = NO;
				MTL_FAST_MATH = YES;
				SDKROOT = iphoneos;
				SWIFT_COMPILATION_MODE = wholemodule;
				SWIFT_OPTIMIZATION_LEVEL = "-O";
				VALIDATE_PRODUCT = YES;
			};
			name = Release;
		};
		65A7187923FE827300D80933 /* Debug */ = {
			isa = XCBuildConfiguration;
			buildSettings = {
				ASSETCATALOG_COMPILER_APPICON_NAME = AppIcon;
				CODE_SIGN_STYLE = Automatic;
				DEVELOPMENT_ASSET_PATHS = "\"Bookworm/Preview Content\"";
				DEVELOPMENT_TEAM = 48QX6223UY;
				ENABLE_PREVIEWS = YES;
				INFOPLIST_FILE = Bookworm/Info.plist;
				LD_RUNPATH_SEARCH_PATHS = (
					"$(inherited)",
					"@executable_path/Frameworks",
				);
				PRODUCT_BUNDLE_IDENTIFIER = com.swiftui.Bookworm;
				PRODUCT_NAME = "$(TARGET_NAME)";
				SWIFT_VERSION = 5.0;
				TARGETED_DEVICE_FAMILY = "1,2";
			};
			name = Debug;
		};
		65A7187A23FE827300D80933 /* Release */ = {
			isa = XCBuildConfiguration;
			buildSettings = {
				ASSETCATALOG_COMPILER_APPICON_NAME = AppIcon;
				CODE_SIGN_STYLE = Automatic;
				DEVELOPMENT_ASSET_PATHS = "\"Bookworm/Preview Content\"";
				DEVELOPMENT_TEAM = 48QX6223UY;
				ENABLE_PREVIEWS = YES;
				INFOPLIST_FILE = Bookworm/Info.plist;
				LD_RUNPATH_SEARCH_PATHS = (
					"$(inherited)",
					"@executable_path/Frameworks",
				);
				PRODUCT_BUNDLE_IDENTIFIER = com.swiftui.Bookworm;
				PRODUCT_NAME = "$(TARGET_NAME)";
				SWIFT_VERSION = 5.0;
				TARGETED_DEVICE_FAMILY = "1,2";
			};
			name = Release;
		};
/* End XCBuildConfiguration section */

/* Begin XCConfigurationList section */
		65A7185C23FE827200D80933 /* Build configuration list for PBXProject "Bookworm" */ = {
			isa = XCConfigurationList;
			buildConfigurations = (
				65A7187623FE827300D80933 /* Debug */,
				65A7187723FE827300D80933 /* Release */,
			);
			defaultConfigurationIsVisible = 0;
			defaultConfigurationName = Release;
		};
		65A7187823FE827300D80933 /* Build configuration list for PBXNativeTarget "Bookworm" */ = {
			isa = XCConfigurationList;
			buildConfigurations = (
				65A7187923FE827300D80933 /* Debug */,
				65A7187A23FE827300D80933 /* Release */,
			);
			defaultConfigurationIsVisible = 0;
			defaultConfigurationName = Release;
		};
/* End XCConfigurationList section */

/* Begin XCVersionGroup section */
		65A7186823FE827200D80933 /* Bookworm.xcdatamodeld */ = {
			isa = XCVersionGroup;
			children = (
				65A7186923FE827200D80933 /* Bookworm.xcdatamodel */,
			);
			currentVersion = 65A7186923FE827200D80933 /* Bookworm.xcdatamodel */;
			path = Bookworm.xcdatamodeld;
			sourceTree = "<group>";
			versionGroupType = wrapper.xcdatamodel;
		};
/* End XCVersionGroup section */
	};
	rootObject = 65A7185923FE827200D80933 /* Project object */;
}
